{
    "name": "mailersend-api",
    "version": "1.0.0",
    "lockfileVersion": 3,
    "requires": true,
    "packages": {
        "": {
            "name": "mailersend-api",
            "version": "1.0.0",
            "dependencies": {
                "mailersend-api": "file:"
            }
        },
        "node_modules/mailersend-api": {
            "resolved": "",
            "link": true
        }
    }
}
